
Microsoft Visual Studio Solution File, Format Version 12.00
# Visual Studio 15
VisualStudioVersion = 15.0.28307.271
MinimumVisualStudioVersion = 10.0.40219.1
Project("{FAE04EC0-301F-11D3-BF4B-00C04F79EFBC}") = "Project.Android", "Project\Project.Android\Project.Android.csproj", "{0C767027-54F9-40A2-BA10-E17EB2DEA57F}"
EndProject
Project("{FAE04EC0-301F-11D3-BF4B-00C04F79EFBC}") = "Project.UWP", "Project\Project.UWP\Project.UWP.csproj", "{98C08ED2-0744-4133-B037-FF893AA359A1}"
EndProject
Project("{FAE04EC0-301F-11D3-BF4B-00C04F79EFBC}") = "Project", "Project\Project\Project.csproj", "{69771100-3092-424D-BBEC-981DA6BF11DC}"
EndProject
Global
	GlobalSection(SolutionConfigurationPlatforms) = preSolution
		Debug|Any CPU = Debug|Any CPU
		Debug|ARM = Debug|ARM
		Debug|x64 = Debug|x64
		Debug|x86 = Debug|x86
		Release|Any CPU = Release|Any CPU
		Release|ARM = Release|ARM
		Release|x64 = Release|x64
		Release|x86 = Release|x86
	EndGlobalSection
	GlobalSection(ProjectConfigurationPlatforms) = postSolution
		{0C767027-54F9-40A2-BA10-E17EB2DEA57F}.Debug|Any CPU.ActiveCfg = Debug|Any CPU
		{0C767027-54F9-40A2-BA10-E17EB2DEA57F}.Debug|Any CPU.Build.0 = Debug|Any CPU
		{0C767027-54F9-40A2-BA10-E17EB2DEA57F}.Debug|Any CPU.Deploy.0 = Debug|Any CPU
		{0C767027-54F9-40A2-BA10-E17EB2DEA57F}.Debug|ARM.ActiveCfg = Debug|Any CPU
		{0C767027-54F9-40A2-BA10-E17EB2DEA57F}.Debug|ARM.Build.0 = Debug|Any CPU
		{0C767027-54F9-40A2-BA10-E17EB2DEA57F}.Debug|ARM.Deploy.0 = Debug|Any CPU
		{0C767027-54F9-40A2-BA10-E17EB2DEA57F}.Debug|x64.ActiveCfg = Debug|Any CPU
		{0C767027-54F9-40A2-BA10-E17EB2DEA57F}.Debug|x64.Build.0 = Debug|Any CPU
		{0C767027-54F9-40A2-BA10-E17EB2DEA57F}.Debug|x64.Deploy.0 = Debug|Any CPU
		{0C767027-54F9-40A2-BA10-E17EB2DEA57F}.Debug|x86.ActiveCfg = Debug|Any CPU
		{0C767027-54F9-40A2-BA10-E17EB2DEA57F}.Debug|x86.Build.0 = Debug|Any CPU
		{0C767027-54F9-40A2-BA10-E17EB2DEA57F}.Debug|x86.Deploy.0 = Debug|Any CPU
		{0C767027-54F9-40A2-BA10-E17EB2DEA57F}.Release|Any CPU.ActiveCfg = Release|Any CPU
		{0C767027-54F9-40A2-BA10-E17EB2DEA57F}.Release|Any CPU.Build.0 = Release|Any CPU
		{0C767027-54F9-40A2-BA10-E17EB2DEA57F}.Release|Any CPU.Deploy.0 = Release|Any CPU
		{0C767027-54F9-40A2-BA10-E17EB2DEA57F}.Release|ARM.ActiveCfg = Release|Any CPU
		{0C767027-54F9-40A2-BA10-E17EB2DEA57F}.Release|ARM.Build.0 = Release|Any CPU
		{0C767027-54F9-40A2-BA10-E17EB2DEA57F}.Release|ARM.Deploy.0 = Release|Any CPU
		{0C767027-54F9-40A2-BA10-E17EB2DEA57F}.Release|x64.ActiveCfg = Release|Any CPU
		{0C767027-54F9-40A2-BA10-E17EB2DEA57F}.Release|x64.Build.0 = Release|Any CPU
		{0C767027-54F9-40A2-BA10-E17EB2DEA57F}.Release|x64.Deploy.0 = Release|Any CPU
		{0C767027-54F9-40A2-BA10-E17EB2DEA57F}.Release|x86.ActiveCfg = Release|Any CPU
		{0C767027-54F9-40A2-BA10-E17EB2DEA57F}.Release|x86.Build.0 = Release|Any CPU
		{0C767027-54F9-40A2-BA10-E17EB2DEA57F}.Release|x86.Deploy.0 = Release|Any CPU
		{98C08ED2-0744-4133-B037-FF893AA359A1}.Debug|Any CPU.ActiveCfg = Debug|x86
		{98C08ED2-0744-4133-B037-FF893AA359A1}.Debug|Any CPU.Build.0 = Debug|x86
		{98C08ED2-0744-4133-B037-FF893AA359A1}.Debug|Any CPU.Deploy.0 = Debug|x86
		{98C08ED2-0744-4133-B037-FF893AA359A1}.Debug|ARM.ActiveCfg = Debug|ARM
		{98C08ED2-0744-4133-B037-FF893AA359A1}.Debug|ARM.Build.0 = Debug|ARM
		{98C08ED2-0744-4133-B037-FF893AA359A1}.Debug|ARM.Deploy.0 = Debug|ARM
		{98C08ED2-0744-4133-B037-FF893AA359A1}.Debug|x64.ActiveCfg = Debug|x64
		{98C08ED2-0744-4133-B037-FF893AA359A1}.Debug|x64.Build.0 = Debug|x64
		{98C08ED2-0744-4133-B037-FF893AA359A1}.Debug|x64.Deploy.0 = Debug|x64
		{98C08ED2-0744-4133-B037-FF893AA359A1}.Debug|x86.ActiveCfg = Debug|x86
		{98C08ED2-0744-4133-B037-FF893AA359A1}.Debug|x86.Build.0 = Debug|x86
		{98C08ED2-0744-4133-B037-FF893AA359A1}.Debug|x86.Deploy.0 = Debug|x86
		{98C08ED2-0744-4133-B037-FF893AA359A1}.Release|Any CPU.ActiveCfg = Release|x86
		{98C08ED2-0744-4133-B037-FF893AA359A1}.Release|Any CPU.Build.0 = Release|x86
		{98C08ED2-0744-4133-B037-FF893AA359A1}.Release|Any CPU.Deploy.0 = Release|x86
		{98C08ED2-0744-4133-B037-FF893AA359A1}.Release|ARM.ActiveCfg = Release|ARM
		{98C08ED2-0744-4133-B037-FF893AA359A1}.Release|ARM.Build.0 = Release|ARM
		{98C08ED2-0744-4133-B037-FF893AA359A1}.Release|ARM.Deploy.0 = Release|ARM
		{98C08ED2-0744-4133-B037-FF893AA359A1}.Release|x64.ActiveCfg = Release|x64
		{98C08ED2-0744-4133-B037-FF893AA359A1}.Release|x64.Build.0 = Release|x64
		{98C08ED2-0744-4133-B037-FF893AA359A1}.Release|x64.Deploy.0 = Release|x64
		{98C08ED2-0744-4133-B037-FF893AA359A1}.Release|x86.ActiveCfg = Release|x86
		{98C08ED2-0744-4133-B037-FF893AA359A1}.Release|x86.Build.0 = Release|x86
		{98C08ED2-0744-4133-B037-FF893AA359A1}.Release|x86.Deploy.0 = Release|x86
		{69771100-3092-424D-BBEC-981DA6BF11DC}.Debug|Any CPU.ActiveCfg = Debug|Any CPU
		{69771100-3092-424D-BBEC-981DA6BF11DC}.Debug|Any CPU.Build.0 = Debug|Any CPU
		{69771100-3092-424D-BBEC-981DA6BF11DC}.Debug|Any CPU.Deploy.0 = Debug|Any CPU
		{69771100-3092-424D-BBEC-981DA6BF11DC}.Debug|ARM.ActiveCfg = Debug|Any CPU
		{69771100-3092-424D-BBEC-981DA6BF11DC}.Debug|ARM.Build.0 = Debug|Any CPU
		{69771100-3092-424D-BBEC-981DA6BF11DC}.Debug|ARM.Deploy.0 = Debug|Any CPU
		{69771100-3092-424D-BBEC-981DA6BF11DC}.Debug|x64.ActiveCfg = Debug|Any CPU
		{69771100-3092-424D-BBEC-981DA6BF11DC}.Debug|x64.Build.0 = Debug|Any CPU
		{69771100-3092-424D-BBEC-981DA6BF11DC}.Debug|x64.Deploy.0 = Debug|Any CPU
		{69771100-3092-424D-BBEC-981DA6BF11DC}.Debug|x86.ActiveCfg = Debug|Any CPU
		{69771100-3092-424D-BBEC-981DA6BF11DC}.Debug|x86.Build.0 = Debug|Any CPU
		{69771100-3092-424D-BBEC-981DA6BF11DC}.Debug|x86.Deploy.0 = Debug|Any CPU
		{69771100-3092-424D-BBEC-981DA6BF11DC}.Release|Any CPU.ActiveCfg = Release|Any CPU
		{69771100-3092-424D-BBEC-981DA6BF11DC}.Release|Any CPU.Build.0 = Release|Any CPU
		{69771100-3092-424D-BBEC-981DA6BF11DC}.Release|Any CPU.Deploy.0 = Release|Any CPU
		{69771100-3092-424D-BBEC-981DA6BF11DC}.Release|ARM.ActiveCfg = Release|Any CPU
		{69771100-3092-424D-BBEC-981DA6BF11DC}.Release|ARM.Build.0 = Release|Any CPU
		{69771100-3092-424D-BBEC-981DA6BF11DC}.Release|ARM.Deploy.0 = Release|Any CPU
		{69771100-3092-424D-BBEC-981DA6BF11DC}.Release|x64.ActiveCfg = Release|Any CPU
		{69771100-3092-424D-BBEC-981DA6BF11DC}.Release|x64.Build.0 = Release|Any CPU
		{69771100-3092-424D-BBEC-981DA6BF11DC}.Release|x64.Deploy.0 = Release|Any CPU
		{69771100-3092-424D-BBEC-981DA6BF11DC}.Release|x86.ActiveCfg = Release|Any CPU
		{69771100-3092-424D-BBEC-981DA6BF11DC}.Release|x86.Build.0 = Release|Any CPU
		{69771100-3092-424D-BBEC-981DA6BF11DC}.Release|x86.Deploy.0 = Release|Any CPU
	EndGlobalSection
	GlobalSection(SolutionProperties) = preSolution
		HideSolutionNode = FALSE
	EndGlobalSection
	GlobalSection(ExtensibilityGlobals) = postSolution
		SolutionGuid = {16A53404-B089-4EDC-8929-B00092BF7D4D}
	EndGlobalSection
EndGlobal
